// !$*UTF8*$!
{
	archiveVersion = 1;
	classes = {};
	objectVersion = 56;
	objects = {
		A10000000000000000000001 = {isa = PBXProject; attributes = {LastSwiftUpdateCheck = 1600; LastUpgradeCheck = 1600;}; buildConfigurationList = A10000000000000000000002; compatibilityVersion = "Xcode 14.0"; developmentRegion = en; hasScannedForEncodings = 0; knownRegions = (en, Base); mainGroup = A10000000000000000000003; productRefGroup = A10000000000000000000004; projectDirPath = ""; projectRoot = ""; targets = (A10000000000000000000005,);};
		A10000000000000000000003 = {isa = PBXGroup; children = (A10000000000000000000006, A10000000000000000000004); sourceTree = "<group>";};
		A10000000000000000000004 = {isa = PBXGroup; children = (A10000000000000000000007,); name = Products; sourceTree = "<group>";};
		A10000000000000000000006 = {isa = PBXGroup; children = (A10000000000000000000008, A10000000000000000000009, A1000000000000000000000A); path = DermaGlow; sourceTree = "<group>";};
		A10000000000000000000007 = {isa = PBXFileReference; explicitFileType = wrapper.application; includeInIndex = 0; path = DermaGlow.app; sourceTree = BUILT_PRODUCTS_DIR;};
		A10000000000000000000008 = {isa = PBXFileReference; lastKnownFileType = sourcecode.swift; path = AppDelegate.swift; sourceTree = "<group>";};
		A10000000000000000000009 = {isa = PBXFileReference; lastKnownFileType = sourcecode.swift; path = SceneDelegate.swift; sourceTree = "<group>";};
		A1000000000000000000000A = {isa = PBXFileReference; lastKnownFileType = text.plist.xml; path = Info.plist; sourceTree = "<group>";};
		A1000000000000000000000B = {isa = PBXBuildFile; fileRef = A10000000000000000000008;};
		A1000000000000000000000C = {isa = PBXBuildFile; fileRef = A10000000000000000000009;};
		A1000000000000000000000D = {isa = PBXSourcesBuildPhase; buildActionMask = 2147483647; files = (A1000000000000000000000B, A1000000000000000000000C); runOnlyForDeploymentPostprocessing = 0;};
		A1000000000000000000000E = {isa = PBXFrameworksBuildPhase; buildActionMask = 2147483647; files = (); runOnlyForDeploymentPostprocessing = 0;};
		A1000000000000000000000F = {isa = PBXResourcesBuildPhase; buildActionMask = 2147483647; files = (); runOnlyForDeploymentPostprocessing = 0;};
		A10000000000000000000005 = {isa = PBXNativeTarget; buildConfigurationList = A10000000000000000000010; buildPhases = (A1000000000000000000000D, A1000000000000000000000E, A1000000000000000000000F); buildRules = (); dependencies = (); name = DermaGlow; productName = DermaGlow; productReference = A10000000000000000000007; productType = "com.apple.product-type.application";};
		A10000000000000000000002 = {isa = XCConfigurationList; buildConfigurations = (A10000000000000000000011, A10000000000000000000012); defaultConfigurationIsVisible = 0; defaultConfigurationName = Release;};
		A10000000000000000000010 = {isa = XCConfigurationList; buildConfigurations = (A10000000000000000000013, A10000000000000000000014); defaultConfigurationIsVisible = 0; defaultConfigurationName = Release;};
		A10000000000000000000011 = {isa = XCBuildConfiguration; buildSettings = {CLANG_ENABLE_MODULES = YES; IPHONEOS_DEPLOYMENT_TARGET = 15.0; SDKROOT = iphoneos; SWIFT_VERSION = 5.0;}; name = Debug;};
		A10000000000000000000012 = {isa = XCBuildConfiguration; buildSettings = {CLANG_ENABLE_MODULES = YES; IPHONEOS_DEPLOYMENT_TARGET = 15.0; SDKROOT = iphoneos; SWIFT_VERSION = 5.0;}; name = Release;};
		A10000000000000000000013 = {isa = XCBuildConfiguration; buildSettings = {CODE_SIGN_STYLE = Automatic; CURRENT_PROJECT_VERSION = 1; GENERATE_INFOPLIST_FILE = NO; INFOPLIST_FILE = DermaGlow/Info.plist; IPHONEOS_DEPLOYMENT_TARGET = 15.0; MARKETING_VERSION = 1.0.0; PRODUCT_BUNDLE_IDENTIFIER = com.dermaglow.precisioncare; PRODUCT_NAME = "$(TARGET_NAME)"; SWIFT_EMIT_LOC_STRINGS = YES; SWIFT_VERSION = 5.0; TARGETED_DEVICE_FAMILY = "1,2";}; name = Debug;};
		A10000000000000000000014 = {isa = XCBuildConfiguration; buildSettings = {CODE_SIGN_STYLE = Automatic; CURRENT_PROJECT_VERSION = 1; GENERATE_INFOPLIST_FILE = NO; INFOPLIST_FILE = DermaGlow/Info.plist; IPHONEOS_DEPLOYMENT_TARGET = 15.0; MARKETING_VERSION = 1.0.0; PRODUCT_BUNDLE_IDENTIFIER = com.dermaglow.precisioncare; PRODUCT_NAME = "$(TARGET_NAME)"; SWIFT_EMIT_LOC_STRINGS = YES; SWIFT_VERSION = 5.0; TARGETED_DEVICE_FAMILY = "1,2";}; name = Release;};
	};
	rootObject = A10000000000000000000001;
}
